
Microsoft Visual Studio Solution File, Format Version 12.00
# Visual Studio Version 17
VisualStudioVersion = 17.2.32519.379
MinimumVisualStudioVersion = 10.0.40219.1
Project("{FAE04EC0-301F-11D3-BF4B-00C04F79EFBC}") = "Week8", "Week8\Week8.csproj", "{7E486680-9C08-4D77-B2D1-EA1A7A9B0EAB}"
EndProject
Global
	GlobalSection(SolutionConfigurationPlatforms) = preSolution
		Debug|Any CPU = Debug|Any CPU
		Release|Any CPU = Release|Any CPU
	EndGlobalSection
	GlobalSection(ProjectConfigurationPlatforms) = postSolution
		{7E486680-9C08-4D77-B2D1-EA1A7A9B0EAB}.Debug|Any CPU.ActiveCfg = Debug|Any CPU
		{7E486680-9C08-4D77-B2D1-EA1A7A9B0EAB}.Debug|Any CPU.Build.0 = Debug|Any CPU
		{7E486680-9C08-4D77-B2D1-EA1A7A9B0EAB}.Release|Any CPU.ActiveCfg = Release|Any CPU
		{7E486680-9C08-4D77-B2D1-EA1A7A9B0EAB}.Release|Any CPU.Build.0 = Release|Any CPU
	EndGlobalSection
	GlobalSection(SolutionProperties) = preSolution
		HideSolutionNode = FALSE
	EndGlobalSection
	GlobalSection(ExtensibilityGlobals) = postSolution
		SolutionGuid = {13B02533-98BC-49B3-9E92-43179D65046E}
	EndGlobalSection
EndGlobal
